
Microsoft Visual Studio Solution File, Format Version 12.00
# Visual Studio Version 17
VisualStudioVersion = 17.14.36705.20 d17.14
MinimumVisualStudioVersion = 10.0.40219.1
Project("{FAE04EC0-301F-11D3-BF4B-00C04F79EFBC}") = "HospitalManagment", "HospitalManagment.csproj", "{D37E02F0-88D7-4B1E-B7A3-F8AA0CDF6010}"
EndProject
Global
	GlobalSection(SolutionConfigurationPlatforms) = preSolution
		Debug|Any CPU = Debug|Any CPU
		Release|Any CPU = Release|Any CPU
	EndGlobalSection
	GlobalSection(ProjectConfigurationPlatforms) = postSolution
		{D37E02F0-88D7-4B1E-B7A3-F8AA0CDF6010}.Debug|Any CPU.ActiveCfg = Debug|Any CPU
		{D37E02F0-88D7-4B1E-B7A3-F8AA0CDF6010}.Debug|Any CPU.Build.0 = Debug|Any CPU
		{D37E02F0-88D7-4B1E-B7A3-F8AA0CDF6010}.Release|Any CPU.ActiveCfg = Release|Any CPU
		{D37E02F0-88D7-4B1E-B7A3-F8AA0CDF6010}.Release|Any CPU.Build.0 = Release|Any CPU
	EndGlobalSection
	GlobalSection(SolutionProperties) = preSolution
		HideSolutionNode = FALSE
	EndGlobalSection
	GlobalSection(ExtensibilityGlobals) = postSolution
		SolutionGuid = {50A467C9-4C79-4C0B-AC4B-ED07307620F7}
	EndGlobalSection
EndGlobal
